{
  "name": "cht-tech-radar-implementers",
  "version": "2.0.0",
  "lockfileVersion": 3,
  "requires": true,
  "packages": {
    "": {
      "name": "cht-tech-radar-implementers",
      "version": "2.0.0",
      "license": "MIT",
      "dependencies": {
        "cht_technology_radar": "github:medic/cht-tech-radar-core#1.2.0"
      }
    },
    "node_modules/cht_technology_radar": {
      "version": "1.2.0",
      "resolved": "git+ssh://git@github.com/medic/cht-tech-radar-core.git#a91442e462303a1f27d71a3da7e107dc15dea576",
      "hasInstallScript": true,
      "bin": {
        "techradar": "bin/techradar.js"
      }
    }
  }
}
