{
  "name": "cht-tech-radar-implementers",
  "version": "2.1.0",
  "lockfileVersion": 3,
  "requires": true,
  "packages": {
    "": {
      "name": "cht-tech-radar-implementers",
      "version": "2.1.0",
      "license": "MIT",
      "dependencies": {
        "cht_technology_radar": "github:medic/cht-tech-radar-core#1.3.0"
      }
    },
    "node_modules/cht_technology_radar": {
      "version": "1.3.0",
      "resolved": "git+ssh://git@github.com/medic/cht-tech-radar-core.git#30b9a992716e2b7989e50dac8f07df2588e54e68",
      "hasInstallScript": true,
      "bin": {
        "techradar": "bin/techradar.js"
      }
    }
  }
}
